<Solution>
  <Project Path="DemoApp.PublicApi.Api/DemoApp.PublicApi.Api.csproj" />
  <Project Path="DemoApp.PublicApi.BusinessLogic.Tests/DemoApp.PublicApi.BusinessLogic.Tests.csproj" />
  <Project Path="DemoApp.PublicApi.BusinessLogic/DemoApp.PublicApi.BusinessLogic.csproj" />
  <Project Path="DemoApp.PublicApi.Dependencies/DemoApp.PublicApi.Dependencies.csproj" />
  <Project Path="DemoApp.PublicApi.Domain/DemoApp.PublicApi.Domain.csproj" />
</Solution>
